<?xml version="1.0" encoding="utf-8"?>
<Project ToolsVersion="4.0" xmlns="http://schemas.microsoft.com/developer/msbuild/2003">
  <ItemGroup>
    <Filter Include="Source files">
      <UniqueIdentifier>{317ba6bd-a574-4959-bf37-99a2e10894ba}</UniqueIdentifier>
      <Extensions>cpp;c;cc;cxx;def;odl;idl;hpj;bat;asm;asmx</Extensions>
    </Filter>
    <Filter Include="Header files">
      <UniqueIdentifier>{df79429e-f9db-4e60-a960-f5f18a09fe05}</UniqueIdentifier>
      <Extensions>h;hpp;hxx;hm;inl;inc;xsd</Extensions>
    </Filter>
    <Filter Include="Resource files">
      <UniqueIdentifier>{2032716c-4ea7-4df5-852c-5cbdece3f94d}</UniqueIdentifier>
      <Extensions>rc;ico;cur;bmp;dlg;rc2;rct;bin;rgs;gif;jpg;jpeg;jpe;resx;tiff;tif;png;wav</Extensions>
    </Filter>
    <Filter Include="Header files\Device-specific files">
      <UniqueIdentifier>{4c571805-03c5-46db-9e9f-05e068b6927e}</UniqueIdentifier>
    </Filter>
    <Filter Include="VisualGDB settings">
      <UniqueIdentifier>{f02d64e2-83eb-4b45-8e8c-bebcb49d47de}</UniqueIdentifier>
    </Filter>
  </ItemGroup>
  <ItemGroup>
    <ClCompile Include="LEDBlink.cpp">
      <Filter>Source files</Filter>
    </ClCompile>
    <None Include="MSP_DRIVER_432-Debug.vgdbsettings">
      <Filter>VisualGDB settings</Filter>
    </None>
    <None Include="MSP_DRIVER_432-Release.vgdbsettings">
      <Filter>VisualGDB settings</Filter>
    </None>
    <None Include="msp432.xml">
      <Filter>VisualGDB settings</Filter>
    </None>
    <ClCompile Include="Drivers_Control.c">
      <Filter>Source files</Filter>
    </ClCompile>
  </ItemGroup>
  <ItemGroup>
    <ClInclude Include="Drivers_Control.h">
      <Filter>Source files</Filter>
    </ClInclude>
  </ItemGroup>
</Project>